
Microsoft Visual Studio Solution File, Format Version 12.00
# Visual Studio Version 17
VisualStudioVersion = 17.5.33627.172
MinimumVisualStudioVersion = 10.0.40219.1
Project("{FAE04EC0-301F-11D3-BF4B-00C04F79EFBC}") = "A_SimpleRazorPagesApplicationAndHoldingPage", "A_SimpleRazorPagesApplicationAndHoldingPage\A_SimpleRazorPagesApplicationAndHoldingPage.csproj", "{D4036491-3B6F-4A38-8591-752979CA81C7}"
EndProject
Global
	GlobalSection(SolutionConfigurationPlatforms) = preSolution
		Debug|Any CPU = Debug|Any CPU
		Release|Any CPU = Release|Any CPU
	EndGlobalSection
	GlobalSection(ProjectConfigurationPlatforms) = postSolution
		{D4036491-3B6F-4A38-8591-752979CA81C7}.Debug|Any CPU.ActiveCfg = Debug|Any CPU
		{D4036491-3B6F-4A38-8591-752979CA81C7}.Debug|Any CPU.Build.0 = Debug|Any CPU
		{D4036491-3B6F-4A38-8591-752979CA81C7}.Release|Any CPU.ActiveCfg = Release|Any CPU
		{D4036491-3B6F-4A38-8591-752979CA81C7}.Release|Any CPU.Build.0 = Release|Any CPU
	EndGlobalSection
	GlobalSection(SolutionProperties) = preSolution
		HideSolutionNode = FALSE
	EndGlobalSection
	GlobalSection(ExtensibilityGlobals) = postSolution
		SolutionGuid = {3D51CC0E-206E-49FF-A87B-F48FC0BD255C}
	EndGlobalSection
EndGlobal
