
Microsoft Visual Studio Solution File, Format Version 12.00
# Visual Studio Version 17
VisualStudioVersion = 17.8.34322.80
MinimumVisualStudioVersion = 10.0.40219.1
Project("{FAE04EC0-301F-11D3-BF4B-00C04F79EFBC}") = "F_CarsWebApi", "F_CarsWebApi\F_CarsWebApi.csproj", "{817B4060-B2AE-4713-9BEF-BE214D031865}"
EndProject
Global
	GlobalSection(SolutionConfigurationPlatforms) = preSolution
		Debug|Any CPU = Debug|Any CPU
		Release|Any CPU = Release|Any CPU
	EndGlobalSection
	GlobalSection(ProjectConfigurationPlatforms) = postSolution
		{817B4060-B2AE-4713-9BEF-BE214D031865}.Debug|Any CPU.ActiveCfg = Debug|Any CPU
		{817B4060-B2AE-4713-9BEF-BE214D031865}.Debug|Any CPU.Build.0 = Debug|Any CPU
		{817B4060-B2AE-4713-9BEF-BE214D031865}.Release|Any CPU.ActiveCfg = Release|Any CPU
		{817B4060-B2AE-4713-9BEF-BE214D031865}.Release|Any CPU.Build.0 = Release|Any CPU
	EndGlobalSection
	GlobalSection(SolutionProperties) = preSolution
		HideSolutionNode = FALSE
	EndGlobalSection
	GlobalSection(ExtensibilityGlobals) = postSolution
		SolutionGuid = {6224EAE2-7353-4DE2-92A3-15165F14A936}
	EndGlobalSection
EndGlobal
