
Microsoft Visual Studio Solution File, Format Version 12.00
# Visual Studio Version 17
VisualStudioVersion = 17.8.34322.80
MinimumVisualStudioVersion = 10.0.40219.1
Project("{FAE04EC0-301F-11D3-BF4B-00C04F79EFBC}") = "C_BasicWebApiProject", "C_BasicWebApiProject\C_BasicWebApiProject.csproj", "{E25EC5C9-0E83-44AE-896F-D81BA5F7ABCC}"
EndProject
Global
	GlobalSection(SolutionConfigurationPlatforms) = preSolution
		Debug|Any CPU = Debug|Any CPU
		Release|Any CPU = Release|Any CPU
	EndGlobalSection
	GlobalSection(ProjectConfigurationPlatforms) = postSolution
		{E25EC5C9-0E83-44AE-896F-D81BA5F7ABCC}.Debug|Any CPU.ActiveCfg = Debug|Any CPU
		{E25EC5C9-0E83-44AE-896F-D81BA5F7ABCC}.Debug|Any CPU.Build.0 = Debug|Any CPU
		{E25EC5C9-0E83-44AE-896F-D81BA5F7ABCC}.Release|Any CPU.ActiveCfg = Release|Any CPU
		{E25EC5C9-0E83-44AE-896F-D81BA5F7ABCC}.Release|Any CPU.Build.0 = Release|Any CPU
	EndGlobalSection
	GlobalSection(SolutionProperties) = preSolution
		HideSolutionNode = FALSE
	EndGlobalSection
	GlobalSection(ExtensibilityGlobals) = postSolution
		SolutionGuid = {4D673B83-79DB-4B3D-95AA-DDD691F2602E}
	EndGlobalSection
EndGlobal
