
Microsoft Visual Studio Solution File, Format Version 12.00
# Visual Studio Version 17
VisualStudioVersion = 17.5.33627.172
MinimumVisualStudioVersion = 10.0.40219.1
Project("{FAE04EC0-301F-11D3-BF4B-00C04F79EFBC}") = "F_ValidatingWithDataAnnotations", "F_ValidatingWithDataAnnotations\F_ValidatingWithDataAnnotations.csproj", "{4FDF9746-DE90-459D-8BCA-95509BCBEEF4}"
EndProject
Global
	GlobalSection(SolutionConfigurationPlatforms) = preSolution
		Debug|Any CPU = Debug|Any CPU
		Release|Any CPU = Release|Any CPU
	EndGlobalSection
	GlobalSection(ProjectConfigurationPlatforms) = postSolution
		{4FDF9746-DE90-459D-8BCA-95509BCBEEF4}.Debug|Any CPU.ActiveCfg = Debug|Any CPU
		{4FDF9746-DE90-459D-8BCA-95509BCBEEF4}.Debug|Any CPU.Build.0 = Debug|Any CPU
		{4FDF9746-DE90-459D-8BCA-95509BCBEEF4}.Release|Any CPU.ActiveCfg = Release|Any CPU
		{4FDF9746-DE90-459D-8BCA-95509BCBEEF4}.Release|Any CPU.Build.0 = Release|Any CPU
	EndGlobalSection
	GlobalSection(SolutionProperties) = preSolution
		HideSolutionNode = FALSE
	EndGlobalSection
	GlobalSection(ExtensibilityGlobals) = postSolution
		SolutionGuid = {FAD945C5-1169-4A6E-901D-1EFE61215E3D}
	EndGlobalSection
EndGlobal
