
Microsoft Visual Studio Solution File, Format Version 12.00
# Visual Studio Version 17
VisualStudioVersion = 17.5.33627.172
MinimumVisualStudioVersion = 10.0.40219.1
Project("{FAE04EC0-301F-11D3-BF4B-00C04F79EFBC}") = "B_ExampleBinding_EditProduct", "B_ExampleBinding_EditProduct\B_ExampleBinding_EditProduct.csproj", "{3E50FDBB-5F13-475D-B35C-08A7E697440A}"
EndProject
Global
	GlobalSection(SolutionConfigurationPlatforms) = preSolution
		Debug|Any CPU = Debug|Any CPU
		Release|Any CPU = Release|Any CPU
	EndGlobalSection
	GlobalSection(ProjectConfigurationPlatforms) = postSolution
		{3E50FDBB-5F13-475D-B35C-08A7E697440A}.Debug|Any CPU.ActiveCfg = Debug|Any CPU
		{3E50FDBB-5F13-475D-B35C-08A7E697440A}.Debug|Any CPU.Build.0 = Debug|Any CPU
		{3E50FDBB-5F13-475D-B35C-08A7E697440A}.Release|Any CPU.ActiveCfg = Release|Any CPU
		{3E50FDBB-5F13-475D-B35C-08A7E697440A}.Release|Any CPU.Build.0 = Release|Any CPU
	EndGlobalSection
	GlobalSection(SolutionProperties) = preSolution
		HideSolutionNode = FALSE
	EndGlobalSection
	GlobalSection(ExtensibilityGlobals) = postSolution
		SolutionGuid = {A623C55B-9E51-41A5-9B15-18A8834322DD}
	EndGlobalSection
EndGlobal
