
Microsoft Visual Studio Solution File, Format Version 12.00
# Visual Studio Version 17
VisualStudioVersion = 17.5.33627.172
MinimumVisualStudioVersion = 10.0.40219.1
Project("{FAE04EC0-301F-11D3-BF4B-00C04F79EFBC}") = "C_ExampleBinding_Calculator", "C_ExampleBinding_Calculator\C_ExampleBinding_Calculator.csproj", "{5146DD51-0058-460B-B274-EE35B30DBD1D}"
EndProject
Global
	GlobalSection(SolutionConfigurationPlatforms) = preSolution
		Debug|Any CPU = Debug|Any CPU
		Release|Any CPU = Release|Any CPU
	EndGlobalSection
	GlobalSection(ProjectConfigurationPlatforms) = postSolution
		{5146DD51-0058-460B-B274-EE35B30DBD1D}.Debug|Any CPU.ActiveCfg = Debug|Any CPU
		{5146DD51-0058-460B-B274-EE35B30DBD1D}.Debug|Any CPU.Build.0 = Debug|Any CPU
		{5146DD51-0058-460B-B274-EE35B30DBD1D}.Release|Any CPU.ActiveCfg = Release|Any CPU
		{5146DD51-0058-460B-B274-EE35B30DBD1D}.Release|Any CPU.Build.0 = Release|Any CPU
	EndGlobalSection
	GlobalSection(SolutionProperties) = preSolution
		HideSolutionNode = FALSE
	EndGlobalSection
	GlobalSection(ExtensibilityGlobals) = postSolution
		SolutionGuid = {4DDA60B1-E60A-4B0A-A443-2858F0929790}
	EndGlobalSection
EndGlobal
