
Microsoft Visual Studio Solution File, Format Version 12.00
# Visual Studio Version 17
VisualStudioVersion = 17.5.33627.172
MinimumVisualStudioVersion = 10.0.40219.1
Project("{FAE04EC0-301F-11D3-BF4B-00C04F79EFBC}") = "A_CurrencyConverter", "A_CurrencyConverter\A_CurrencyConverter.csproj", "{108A6288-E35D-44D0-A932-695A4F14245D}"
EndProject
Global
	GlobalSection(SolutionConfigurationPlatforms) = preSolution
		Debug|Any CPU = Debug|Any CPU
		Release|Any CPU = Release|Any CPU
	EndGlobalSection
	GlobalSection(ProjectConfigurationPlatforms) = postSolution
		{108A6288-E35D-44D0-A932-695A4F14245D}.Debug|Any CPU.ActiveCfg = Debug|Any CPU
		{108A6288-E35D-44D0-A932-695A4F14245D}.Debug|Any CPU.Build.0 = Debug|Any CPU
		{108A6288-E35D-44D0-A932-695A4F14245D}.Release|Any CPU.ActiveCfg = Release|Any CPU
		{108A6288-E35D-44D0-A932-695A4F14245D}.Release|Any CPU.Build.0 = Release|Any CPU
	EndGlobalSection
	GlobalSection(SolutionProperties) = preSolution
		HideSolutionNode = FALSE
	EndGlobalSection
	GlobalSection(ExtensibilityGlobals) = postSolution
		SolutionGuid = {A14E3BED-6732-4838-A7B7-E085AC9149BD}
	EndGlobalSection
EndGlobal
