
Microsoft Visual Studio Solution File, Format Version 12.00
# Visual Studio Version 17
VisualStudioVersion = 17.8.34322.80
MinimumVisualStudioVersion = 10.0.40219.1
Project("{FAE04EC0-301F-11D3-BF4B-00C04F79EFBC}") = "D_UsingApiControllerAttribute", "D_UsingApiControllerAttribute\D_UsingApiControllerAttribute.csproj", "{D0E3A4A8-A59C-4384-B415-453B6884F5EA}"
EndProject
Global
	GlobalSection(SolutionConfigurationPlatforms) = preSolution
		Debug|Any CPU = Debug|Any CPU
		Release|Any CPU = Release|Any CPU
	EndGlobalSection
	GlobalSection(ProjectConfigurationPlatforms) = postSolution
		{D0E3A4A8-A59C-4384-B415-453B6884F5EA}.Debug|Any CPU.ActiveCfg = Debug|Any CPU
		{D0E3A4A8-A59C-4384-B415-453B6884F5EA}.Debug|Any CPU.Build.0 = Debug|Any CPU
		{D0E3A4A8-A59C-4384-B415-453B6884F5EA}.Release|Any CPU.ActiveCfg = Release|Any CPU
		{D0E3A4A8-A59C-4384-B415-453B6884F5EA}.Release|Any CPU.Build.0 = Release|Any CPU
	EndGlobalSection
	GlobalSection(SolutionProperties) = preSolution
		HideSolutionNode = FALSE
	EndGlobalSection
	GlobalSection(ExtensibilityGlobals) = postSolution
		SolutionGuid = {80887A02-DC34-49F3-9409-3A588BF4E8E7}
	EndGlobalSection
EndGlobal
