
Microsoft Visual Studio Solution File, Format Version 12.00
# Visual Studio Version 17
VisualStudioVersion = 17.5.33627.172
MinimumVisualStudioVersion = 10.0.40219.1
Project("{9A19103F-16F7-4668-BE54-9A1E7A4F7556}") = "A_RoutingExamples", "A_RoutingExamples\A_RoutingExamples.csproj", "{96375C83-8553-45B4-B268-E6F0C75DBBDC}"
EndProject
Global
	GlobalSection(SolutionConfigurationPlatforms) = preSolution
		Debug|Any CPU = Debug|Any CPU
		Release|Any CPU = Release|Any CPU
	EndGlobalSection
	GlobalSection(ProjectConfigurationPlatforms) = postSolution
		{96375C83-8553-45B4-B268-E6F0C75DBBDC}.Debug|Any CPU.ActiveCfg = Debug|Any CPU
		{96375C83-8553-45B4-B268-E6F0C75DBBDC}.Debug|Any CPU.Build.0 = Debug|Any CPU
		{96375C83-8553-45B4-B268-E6F0C75DBBDC}.Release|Any CPU.ActiveCfg = Release|Any CPU
		{96375C83-8553-45B4-B268-E6F0C75DBBDC}.Release|Any CPU.Build.0 = Release|Any CPU
	EndGlobalSection
	GlobalSection(SolutionProperties) = preSolution
		HideSolutionNode = FALSE
	EndGlobalSection
	GlobalSection(ExtensibilityGlobals) = postSolution
		SolutionGuid = {CBC4C43B-AC72-4C0F-9CDB-CF0410FAC1A3}
	EndGlobalSection
EndGlobal
