
Microsoft Visual Studio Solution File, Format Version 12.00
# Visual Studio Version 17
VisualStudioVersion = 17.5.33627.172
MinimumVisualStudioVersion = 10.0.40219.1
Project("{FAE04EC0-301F-11D3-BF4B-00C04F79EFBC}") = "F_DefaultMvcProject", "F_DefaultMvcProject\F_DefaultMvcProject.csproj", "{364A0ACF-CE9E-4EE6-9C10-83C3A291CDE1}"
EndProject
Global
	GlobalSection(SolutionConfigurationPlatforms) = preSolution
		Debug|Any CPU = Debug|Any CPU
		Release|Any CPU = Release|Any CPU
	EndGlobalSection
	GlobalSection(ProjectConfigurationPlatforms) = postSolution
		{364A0ACF-CE9E-4EE6-9C10-83C3A291CDE1}.Debug|Any CPU.ActiveCfg = Debug|Any CPU
		{364A0ACF-CE9E-4EE6-9C10-83C3A291CDE1}.Debug|Any CPU.Build.0 = Debug|Any CPU
		{364A0ACF-CE9E-4EE6-9C10-83C3A291CDE1}.Release|Any CPU.ActiveCfg = Release|Any CPU
		{364A0ACF-CE9E-4EE6-9C10-83C3A291CDE1}.Release|Any CPU.Build.0 = Release|Any CPU
	EndGlobalSection
	GlobalSection(SolutionProperties) = preSolution
		HideSolutionNode = FALSE
	EndGlobalSection
	GlobalSection(ExtensibilityGlobals) = postSolution
		SolutionGuid = {78B8469E-8FFA-4973-8F42-94A5793C8E57}
	EndGlobalSection
EndGlobal
