
Microsoft Visual Studio Solution File, Format Version 12.00
# Visual Studio Version 17
VisualStudioVersion = 17.5.33627.172
MinimumVisualStudioVersion = 10.0.40219.1
Project("{FAE04EC0-301F-11D3-BF4B-00C04F79EFBC}") = "B_DynamicHtml", "B_DynamicHtml\B_DynamicHtml.csproj", "{6AD8585C-204D-4DB2-B69E-47F48458C990}"
EndProject
Global
	GlobalSection(SolutionConfigurationPlatforms) = preSolution
		Debug|Any CPU = Debug|Any CPU
		Release|Any CPU = Release|Any CPU
	EndGlobalSection
	GlobalSection(ProjectConfigurationPlatforms) = postSolution
		{6AD8585C-204D-4DB2-B69E-47F48458C990}.Debug|Any CPU.ActiveCfg = Debug|Any CPU
		{6AD8585C-204D-4DB2-B69E-47F48458C990}.Debug|Any CPU.Build.0 = Debug|Any CPU
		{6AD8585C-204D-4DB2-B69E-47F48458C990}.Release|Any CPU.ActiveCfg = Release|Any CPU
		{6AD8585C-204D-4DB2-B69E-47F48458C990}.Release|Any CPU.Build.0 = Release|Any CPU
	EndGlobalSection
	GlobalSection(SolutionProperties) = preSolution
		HideSolutionNode = FALSE
	EndGlobalSection
	GlobalSection(ExtensibilityGlobals) = postSolution
		SolutionGuid = {144C5807-70D3-4BAF-86CF-61FF4D139032}
	EndGlobalSection
EndGlobal
